Microsoft Visual Studio Solution File, Format Version 12.00
# Visual Studio Version 17
VisualStudioVersion = 17.5.2.0
MinimumVisualStudioVersion = 10.0.40219.1
Project("{FAE04EC0-301F-11D3-BF4B-00C04F79EFBC}") = "StarResonanceDpsAnalysis", "StarResonanceDpsAnalysis.csproj", "{DE77D97A-C6F4-C585-65A1-ADBE8EF2CA6D}"
EndProject
Global
	GlobalSection(SolutionConfigurationPlatforms) = preSolution
		Debug|Any CPU = Debug|Any CPU
		Release|Any CPU = Release|Any CPU
	EndGlobalSection
	GlobalSection(ProjectConfigurationPlatforms) = postSolution
		{DE77D97A-C6F4-C585-65A1-ADBE8EF2CA6D}.Debug|Any CPU.ActiveCfg = Debug|Any CPU
		{DE77D97A-C6F4-C585-65A1-ADBE8EF2CA6D}.Debug|Any CPU.Build.0 = Debug|Any CPU
		{DE77D97A-C6F4-C585-65A1-ADBE8EF2CA6D}.Release|Any CPU.ActiveCfg = Release|Any CPU
		{DE77D97A-C6F4-C585-65A1-ADBE8EF2CA6D}.Release|Any CPU.Build.0 = Release|Any CPU
	EndGlobalSection
	GlobalSection(SolutionProperties) = preSolution
		HideSolutionNode = FALSE
	EndGlobalSection
	GlobalSection(ExtensibilityGlobals) = postSolution
		SolutionGuid = {B1F880A6-683F-43F9-85AF-0BF2173B81EF}
	EndGlobalSection
EndGlobal
